// !$*UTF8*$!
{
	archiveVersion = 1;
	classes = {
	};
	objectVersion = 50;
	objects = {

/* Begin PBXBuildFile section */
		111EF6DA244C21B6003E5D61 /* AppDelegate.swift in Sources */ = {isa = PBXBuildFile; fileRef = 111EF6D9244C21B6003E5D61 /* AppDelegate.swift */; };
		111EF6DE244C21B6003E5D61 /* ViewController.swift in Sources */ = {isa = PBXBuildFile; fileRef = 111EF6DD244C21B6003E5D61 /* ViewController.swift */; };
		111EF6E1244C21B6003E5D61 /* Main.storyboard in Resources */ = {isa = PBXBuildFile; fileRef = 111EF6DF244C21B6003E5D61 /* Main.storyboard */; };
		111EF6E3244C21B7003E5D61 /* Assets.xcassets in Resources */ = {isa = PBXBuildFile; fileRef = 111EF6E2244C21B7003E5D61 /* Assets.xcassets */; };
		111EF6E6244C21B7003E5D61 /* LaunchScreen.storyboard in Resources */ = {isa = PBXBuildFile; fileRef = 111EF6E4244C21B7003E5D61 /* LaunchScreen.storyboard */; };
		111EF6EF244C2234003E5D61 /* ViewController.swift in Sources */ = {isa = PBXBuildFile; fileRef = 111EF6DD244C21B6003E5D61 /* ViewController.swift */; };
		111EF6F0244C2234003E5D61 /* AppDelegate.swift in Sources */ = {isa = PBXBuildFile; fileRef = 111EF6D9244C21B6003E5D61 /* AppDelegate.swift */; };
		111EF6F3244C2234003E5D61 /* LaunchScreen.storyboard in Resources */ = {isa = PBXBuildFile; fileRef = 111EF6E4244C21B7003E5D61 /* LaunchScreen.storyboard */; };
		111EF6F4244C2234003E5D61 /* Assets.xcassets in Resources */ = {isa = PBXBuildFile; fileRef = 111EF6E2244C21B7003E5D61 /* Assets.xcassets */; };
		111EF6F5244C2234003E5D61 /* Main.storyboard in Resources */ = {isa = PBXBuildFile; fileRef = 111EF6DF244C21B6003E5D61 /* Main.storyboard */; };
		111EF713244C2956003E5D61 /* Common.framework in Frameworks */ = {isa = PBXBuildFile; fileRef = 111EF712244C2956003E5D61 /* Common.framework */; };
		111EF714244C2956003E5D61 /* Common.framework in Embed Frameworks */ = {isa = PBXBuildFile; fileRef = 111EF712244C2956003E5D61 /* Common.framework */; settings = {ATTRIBUTES = (CodeSignOnCopy, RemoveHeadersOnCopy, ); }; };
		111EF717244C295D003E5D61 /* Common.framework in Frameworks */ = {isa = PBXBuildFile; fileRef = 111EF716244C295D003E5D61 /* Common.framework */; };
		111EF718244C295D003E5D61 /* Common.framework in Embed Frameworks */ = {isa = PBXBuildFile; fileRef = 111EF716244C295D003E5D61 /* Common.framework */; settings = {ATTRIBUTES = (CodeSignOnCopy, RemoveHeadersOnCopy, ); }; };
		111EF72A244CC143003E5D61 /* LoginPasswordViewModel.swift in Sources */ = {isa = PBXBuildFile; fileRef = 111EF721244CC143003E5D61 /* LoginPasswordViewModel.swift */; };
		111EF72B244CC143003E5D61 /* LoginPasswordViewModel.swift in Sources */ = {isa = PBXBuildFile; fileRef = 111EF721244CC143003E5D61 /* LoginPasswordViewModel.swift */; };
		111EF72C244CC143003E5D61 /* LoginPasswordViewModelContract.swift in Sources */ = {isa = PBXBuildFile; fileRef = 111EF722244CC143003E5D61 /* LoginPasswordViewModelContract.swift */; };
		111EF72D244CC143003E5D61 /* LoginPasswordViewModelContract.swift in Sources */ = {isa = PBXBuildFile; fileRef = 111EF722244CC143003E5D61 /* LoginPasswordViewModelContract.swift */; };
		111EF72E244CC143003E5D61 /* LoginPasswordModel.swift in Sources */ = {isa = PBXBuildFile; fileRef = 111EF724244CC143003E5D61 /* LoginPasswordModel.swift */; };
		111EF72F244CC143003E5D61 /* LoginPasswordModel.swift in Sources */ = {isa = PBXBuildFile; fileRef = 111EF724244CC143003E5D61 /* LoginPasswordModel.swift */; };
		111EF730244CC143003E5D61 /* LoginPasswordView.swift in Sources */ = {isa = PBXBuildFile; fileRef = 111EF726244CC143003E5D61 /* LoginPasswordView.swift */; };
		111EF731244CC143003E5D61 /* LoginPasswordView.swift in Sources */ = {isa = PBXBuildFile; fileRef = 111EF726244CC143003E5D61 /* LoginPasswordView.swift */; };
		111EF732244CC143003E5D61 /* LoginUserViewController.swift in Sources */ = {isa = PBXBuildFile; fileRef = 111EF728244CC143003E5D61 /* LoginUserViewController.swift */; };
		111EF733244CC144003E5D61 /* LoginUserViewController.swift in Sources */ = {isa = PBXBuildFile; fileRef = 111EF728244CC143003E5D61 /* LoginUserViewController.swift */; };
		111EF734244CC144003E5D61 /* LoginNavigationController.swift in Sources */ = {isa = PBXBuildFile; fileRef = 111EF729244CC143003E5D61 /* LoginNavigationController.swift */; };
		111EF735244CC144003E5D61 /* LoginNavigationController.swift in Sources */ = {isa = PBXBuildFile; fileRef = 111EF729244CC143003E5D61 /* LoginNavigationController.swift */; };
		111EF738244CC331003E5D61 /* FirebaseManager.swift in Sources */ = {isa = PBXBuildFile; fileRef = 111EF737244CC331003E5D61 /* FirebaseManager.swift */; };
		111EF739244CC337003E5D61 /* FirebaseManager.swift in Sources */ = {isa = PBXBuildFile; fileRef = 111EF737244CC331003E5D61 /* FirebaseManager.swift */; };
		111EF73B244CC35E003E5D61 /* FirebaseManagerExtension.swift in Sources */ = {isa = PBXBuildFile; fileRef = 111EF73A244CC35E003E5D61 /* FirebaseManagerExtension.swift */; };
		111EF73D244CC3BA003E5D61 /* Paths.swift in Sources */ = {isa = PBXBuildFile; fileRef = 111EF73C244CC3BA003E5D61 /* Paths.swift */; };
		111EF749244CC5CA003E5D61 /* Router.swift in Sources */ = {isa = PBXBuildFile; fileRef = 111EF748244CC5CA003E5D61 /* Router.swift */; };
		111EF74A244CC5CE003E5D61 /* Router.swift in Sources */ = {isa = PBXBuildFile; fileRef = 111EF748244CC5CA003E5D61 /* Router.swift */; };
		111EF7D2244CE1DD003E5D61 /* FirebaseManager.framework in Frameworks */ = {isa = PBXBuildFile; fileRef = 111EF7D1244CE1DD003E5D61 /* FirebaseManager.framework */; };
		111EF7D3244CE1DD003E5D61 /* FirebaseManager.framework in Embed Frameworks */ = {isa = PBXBuildFile; fileRef = 111EF7D1244CE1DD003E5D61 /* FirebaseManager.framework */; settings = {ATTRIBUTES = (CodeSignOnCopy, RemoveHeadersOnCopy, ); }; };
		111EF7D5244CE227003E5D61 /* FirebaseManager.framework in Frameworks */ = {isa = PBXBuildFile; fileRef = 111EF7D4244CE227003E5D61 /* FirebaseManager.framework */; };
		111EF7D6244CE228003E5D61 /* FirebaseManager.framework in Embed Frameworks */ = {isa = PBXBuildFile; fileRef = 111EF7D4244CE227003E5D61 /* FirebaseManager.framework */; settings = {ATTRIBUTES = (CodeSignOnCopy, RemoveHeadersOnCopy, ); }; };
		49E8B574FADC60148EC4D265 /* Pods_Production.framework in Frameworks */ = {isa = PBXBuildFile; fileRef = A1EC1414DB56B7DE712F760C /* Pods_Production.framework */; };
		F25C5509EED8910BFDD75B1D /* Pods_Develop.framework in Frameworks */ = {isa = PBXBuildFile; fileRef = 38FD0D3E471C9BF7D831246F /* Pods_Develop.framework */; };
/* End PBXBuildFile section */

/* Begin PBXCopyFilesBuildPhase section */
		111EF715244C2957003E5D61 /* Embed Frameworks */ = {
			isa = PBXCopyFilesBuildPhase;
			buildActionMask = 2147483647;
			dstPath = "";
			dstSubfolderSpec = 10;
			files = (
				111EF714244C2956003E5D61 /* Common.framework in Embed Frameworks */,
				111EF7D6244CE228003E5D61 /* FirebaseManager.framework in Embed Frameworks */,
			);
			name = "Embed Frameworks";
			runOnlyForDeploymentPostprocessing = 0;
		};
		111EF719244C295D003E5D61 /* Embed Frameworks */ = {
			isa = PBXCopyFilesBuildPhase;
			buildActionMask = 2147483647;
			dstPath = "";
			dstSubfolderSpec = 10;
			files = (
				111EF718244C295D003E5D61 /* Common.framework in Embed Frameworks */,
				111EF7D3244CE1DD003E5D61 /* FirebaseManager.framework in Embed Frameworks */,
			);
			name = "Embed Frameworks";
			runOnlyForDeploymentPostprocessing = 0;
		};
/* End PBXCopyFilesBuildPhase section */

/* Begin PBXFileReference section */
		111EF6D6244C21B6003E5D61 /* Production.app */ = {isa = PBXFileReference; explicitFileType = wrapper.application; includeInIndex = 0; path = Production.app; sourceTree = BUILT_PRODUCTS_DIR; };
		111EF6D9244C21B6003E5D61 /* AppDelegate.swift */ = {isa = PBXFileReference; lastKnownFileType = sourcecode.swift; path = AppDelegate.swift; sourceTree = "<group>"; };
		111EF6DD244C21B6003E5D61 /* ViewController.swift */ = {isa = PBXFileReference; lastKnownFileType = sourcecode.swift; path = ViewController.swift; sourceTree = "<group>"; };
		111EF6E0244C21B6003E5D61 /* Base */ = {isa = PBXFileReference; lastKnownFileType = file.storyboard; name = Base; path = Base.lproj/Main.storyboard; sourceTree = "<group>"; };
		111EF6E2244C21B7003E5D61 /* Assets.xcassets */ = {isa = PBXFileReference; lastKnownFileType = folder.assetcatalog; path = Assets.xcassets; sourceTree = "<group>"; };
		111EF6E5244C21B7003E5D61 /* Base */ = {isa = PBXFileReference; lastKnownFileType = file.storyboard; name = Base; path = Base.lproj/LaunchScreen.storyboard; sourceTree = "<group>"; };
		111EF6E7244C21B7003E5D61 /* Info.plist */ = {isa = PBXFileReference; lastKnownFileType = text.plist.xml; path = Info.plist; sourceTree = "<group>"; };
		111EF6F9244C2234003E5D61 /* Develop.app */ = {isa = PBXFileReference; explicitFileType = wrapper.application; includeInIndex = 0; path = Develop.app; sourceTree = BUILT_PRODUCTS_DIR; };
		111EF710244C2861003E5D61 /* infoDevelop.plist */ = {isa = PBXFileReference; fileEncoding = 4; lastKnownFileType = text.plist.xml; path = infoDevelop.plist; sourceTree = "<group>"; };
		111EF712244C2956003E5D61 /* Common.framework */ = {isa = PBXFileReference; explicitFileType = wrapper.framework; path = Common.framework; sourceTree = BUILT_PRODUCTS_DIR; };
		111EF716244C295D003E5D61 /* Common.framework */ = {isa = PBXFileReference; explicitFileType = wrapper.framework; path = Common.framework; sourceTree = BUILT_PRODUCTS_DIR; };
		111EF721244CC143003E5D61 /* LoginPasswordViewModel.swift */ = {isa = PBXFileReference; fileEncoding = 4; lastKnownFileType = sourcecode.swift; path = LoginPasswordViewModel.swift; sourceTree = "<group>"; };
		111EF722244CC143003E5D61 /* LoginPasswordViewModelContract.swift */ = {isa = PBXFileReference; fileEncoding = 4; lastKnownFileType = sourcecode.swift; path = LoginPasswordViewModelContract.swift; sourceTree = "<group>"; };
		111EF724244CC143003E5D61 /* LoginPasswordModel.swift */ = {isa = PBXFileReference; fileEncoding = 4; lastKnownFileType = sourcecode.swift; path = LoginPasswordModel.swift; sourceTree = "<group>"; };
		111EF726244CC143003E5D61 /* LoginPasswordView.swift */ = {isa = PBXFileReference; fileEncoding = 4; lastKnownFileType = sourcecode.swift; path = LoginPasswordView.swift; sourceTree = "<group>"; };
		111EF728244CC143003E5D61 /* LoginUserViewController.swift */ = {isa = PBXFileReference; fileEncoding = 4; lastKnownFileType = sourcecode.swift; path = LoginUserViewController.swift; sourceTree = "<group>"; };
		111EF729244CC143003E5D61 /* LoginNavigationController.swift */ = {isa = PBXFileReference; fileEncoding = 4; lastKnownFileType = sourcecode.swift; path = LoginNavigationController.swift; sourceTree = "<group>"; };
		111EF737244CC331003E5D61 /* FirebaseManager.swift */ = {isa = PBXFileReference; lastKnownFileType = sourcecode.swift; path = FirebaseManager.swift; sourceTree = "<group>"; };
		111EF73A244CC35E003E5D61 /* FirebaseManagerExtension.swift */ = {isa = PBXFileReference; lastKnownFileType = sourcecode.swift; path = FirebaseManagerExtension.swift; sourceTree = "<group>"; };
		111EF73C244CC3BA003E5D61 /* Paths.swift */ = {isa = PBXFileReference; lastKnownFileType = sourcecode.swift; path = Paths.swift; sourceTree = "<group>"; };
		111EF748244CC5CA003E5D61 /* Router.swift */ = {isa = PBXFileReference; lastKnownFileType = sourcecode.swift; path = Router.swift; sourceTree = "<group>"; };
		111EF7D1244CE1DD003E5D61 /* FirebaseManager.framework */ = {isa = PBXFileReference; explicitFileType = wrapper.framework; path = FirebaseManager.framework; sourceTree = BUILT_PRODUCTS_DIR; };
		111EF7D4244CE227003E5D61 /* FirebaseManager.framework */ = {isa = PBXFileReference; explicitFileType = wrapper.framework; path = FirebaseManager.framework; sourceTree = BUILT_PRODUCTS_DIR; };
		38FD0D3E471C9BF7D831246F /* Pods_Develop.framework */ = {isa = PBXFileReference; explicitFileType = wrapper.framework; includeInIndex = 0; path = Pods_Develop.framework; sourceTree = BUILT_PRODUCTS_DIR; };
		7D01D8585FC500D846BE03A2 /* Pods-Production.debug.xcconfig */ = {isa = PBXFileReference; includeInIndex = 1; lastKnownFileType = text.xcconfig; name = "Pods-Production.debug.xcconfig"; path = "Target Support Files/Pods-Production/Pods-Production.debug.xcconfig"; sourceTree = "<group>"; };
		9C15498F126599D16DBC9F20 /* Pods-Develop.debug.xcconfig */ = {isa = PBXFileReference; includeInIndex = 1; lastKnownFileType = text.xcconfig; name = "Pods-Develop.debug.xcconfig"; path = "Target Support Files/Pods-Develop/Pods-Develop.debug.xcconfig"; sourceTree = "<group>"; };
		A1EC1414DB56B7DE712F760C /* Pods_Production.framework */ = {isa = PBXFileReference; explicitFileType = wrapper.framework; includeInIndex = 0; path = Pods_Production.framework; sourceTree = BUILT_PRODUCTS_DIR; };
		ABE63BBF73026206984CBDEF /* Pods-Production.release.xcconfig */ = {isa = PBXFileReference; includeInIndex = 1; lastKnownFileType = text.xcconfig; name = "Pods-Production.release.xcconfig"; path = "Target Support Files/Pods-Production/Pods-Production.release.xcconfig"; sourceTree = "<group>"; };
		DED79290FA2A926BD7897C0A /* Pods-Develop.release.xcconfig */ = {isa = PBXFileReference; includeInIndex = 1; lastKnownFileType = text.xcconfig; name = "Pods-Develop.release.xcconfig"; path = "Target Support Files/Pods-Develop/Pods-Develop.release.xcconfig"; sourceTree = "<group>"; };
/* End PBXFileReference section */

/* Begin PBXFrameworksBuildPhase section */
		111EF6D3244C21B6003E5D61 /* Frameworks */ = {
			isa = PBXFrameworksBuildPhase;
			buildActionMask = 2147483647;
			files = (
				111EF713244C2956003E5D61 /* Common.framework in Frameworks */,
				111EF7D5244CE227003E5D61 /* FirebaseManager.framework in Frameworks */,
				49E8B574FADC60148EC4D265 /* Pods_Production.framework in Frameworks */,
			);
			runOnlyForDeploymentPostprocessing = 0;
		};
		111EF6F1244C2234003E5D61 /* Frameworks */ = {
			isa = PBXFrameworksBuildPhase;
			buildActionMask = 2147483647;
			files = (
				111EF717244C295D003E5D61 /* Common.framework in Frameworks */,
				111EF7D2244CE1DD003E5D61 /* FirebaseManager.framework in Frameworks */,
				F25C5509EED8910BFDD75B1D /* Pods_Develop.framework in Frameworks */,
			);
			runOnlyForDeploymentPostprocessing = 0;
		};
/* End PBXFrameworksBuildPhase section */

/* Begin PBXGroup section */
		0AC78D257A25D0CAC16CDEFC /* Pods */ = {
			isa = PBXGroup;
			children = (
				9C15498F126599D16DBC9F20 /* Pods-Develop.debug.xcconfig */,
				DED79290FA2A926BD7897C0A /* Pods-Develop.release.xcconfig */,
				7D01D8585FC500D846BE03A2 /* Pods-Production.debug.xcconfig */,
				ABE63BBF73026206984CBDEF /* Pods-Production.release.xcconfig */,
			);
			name = Pods;
			path = ../Pods;
			sourceTree = "<group>";
		};
		111EF6CD244C21B6003E5D61 = {
			isa = PBXGroup;
			children = (
				111EF6D8244C21B6003E5D61 /* Application */,
				111EF6D7244C21B6003E5D61 /* Products */,
				2EEAFFDC9AD4F231695085AF /* Frameworks */,
				0AC78D257A25D0CAC16CDEFC /* Pods */,
			);
			sourceTree = "<group>";
		};
		111EF6D7244C21B6003E5D61 /* Products */ = {
			isa = PBXGroup;
			children = (
				111EF6D6244C21B6003E5D61 /* Production.app */,
				111EF6F9244C2234003E5D61 /* Develop.app */,
			);
			name = Products;
			sourceTree = "<group>";
		};
		111EF6D8244C21B6003E5D61 /* Application */ = {
			isa = PBXGroup;
			children = (
				111EF6D9244C21B6003E5D61 /* AppDelegate.swift */,
				111EF73C244CC3BA003E5D61 /* Paths.swift */,
				111EF747244CC5BC003E5D61 /* Router */,
				111EF736244CC324003E5D61 /* Services */,
				111EF71D244CC143003E5D61 /* Scenes */,
				111EF6DD244C21B6003E5D61 /* ViewController.swift */,
				111EF6DF244C21B6003E5D61 /* Main.storyboard */,
				111EF6E2244C21B7003E5D61 /* Assets.xcassets */,
				111EF6E4244C21B7003E5D61 /* LaunchScreen.storyboard */,
				111EF710244C2861003E5D61 /* infoDevelop.plist */,
				111EF6E7244C21B7003E5D61 /* Info.plist */,
			);
			path = Application;
			sourceTree = "<group>";
		};
		111EF71D244CC143003E5D61 /* Scenes */ = {
			isa = PBXGroup;
			children = (
				111EF71E244CC143003E5D61 /* Login */,
			);
			path = Scenes;
			sourceTree = "<group>";
		};
		111EF71E244CC143003E5D61 /* Login */ = {
			isa = PBXGroup;
			children = (
				111EF71F244CC143003E5D61 /* Password */,
				111EF727244CC143003E5D61 /* User */,
				111EF729244CC143003E5D61 /* LoginNavigationController.swift */,
			);
			path = Login;
			sourceTree = "<group>";
		};
		111EF71F244CC143003E5D61 /* Password */ = {
			isa = PBXGroup;
			children = (
				111EF720244CC143003E5D61 /* ViewModel */,
				111EF723244CC143003E5D61 /* Model */,
				111EF725244CC143003E5D61 /* View */,
			);
			path = Password;
			sourceTree = "<group>";
		};
		111EF720244CC143003E5D61 /* ViewModel */ = {
			isa = PBXGroup;
			children = (
				111EF721244CC143003E5D61 /* LoginPasswordViewModel.swift */,
				111EF722244CC143003E5D61 /* LoginPasswordViewModelContract.swift */,
			);
			path = ViewModel;
			sourceTree = "<group>";
		};
		111EF723244CC143003E5D61 /* Model */ = {
			isa = PBXGroup;
			children = (
				111EF724244CC143003E5D61 /* LoginPasswordModel.swift */,
			);
			path = Model;
			sourceTree = "<group>";
		};
		111EF725244CC143003E5D61 /* View */ = {
			isa = PBXGroup;
			children = (
				111EF726244CC143003E5D61 /* LoginPasswordView.swift */,
			);
			path = View;
			sourceTree = "<group>";
		};
		111EF727244CC143003E5D61 /* User */ = {
			isa = PBXGroup;
			children = (
				111EF728244CC143003E5D61 /* LoginUserViewController.swift */,
			);
			path = User;
			sourceTree = "<group>";
		};
		111EF736244CC324003E5D61 /* Services */ = {
			isa = PBXGroup;
			children = (
				111EF737244CC331003E5D61 /* FirebaseManager.swift */,
				111EF73A244CC35E003E5D61 /* FirebaseManagerExtension.swift */,
			);
			path = Services;
			sourceTree = "<group>";
		};
		111EF747244CC5BC003E5D61 /* Router */ = {
			isa = PBXGroup;
			children = (
				111EF748244CC5CA003E5D61 /* Router.swift */,
			);
			path = Router;
			sourceTree = "<group>";
		};
		2EEAFFDC9AD4F231695085AF /* Frameworks */ = {
			isa = PBXGroup;
			children = (
				111EF7D4244CE227003E5D61 /* FirebaseManager.framework */,
				111EF7D1244CE1DD003E5D61 /* FirebaseManager.framework */,
				111EF716244C295D003E5D61 /* Common.framework */,
				111EF712244C2956003E5D61 /* Common.framework */,
				38FD0D3E471C9BF7D831246F /* Pods_Develop.framework */,
				A1EC1414DB56B7DE712F760C /* Pods_Production.framework */,
			);
			name = Frameworks;
			sourceTree = "<group>";
		};
/* End PBXGroup section */

/* Begin PBXNativeTarget section */
		111EF6D5244C21B6003E5D61 /* Production */ = {
			isa = PBXNativeTarget;
			buildConfigurationList = 111EF6EA244C21B7003E5D61 /* Build configuration list for PBXNativeTarget "Production" */;
			buildPhases = (
				E7FF6C63CB89870375C8A755 /* [CP] Check Pods Manifest.lock */,
				111EF6D2244C21B6003E5D61 /* Sources */,
				111EF6D3244C21B6003E5D61 /* Frameworks */,
				111EF6D4244C21B6003E5D61 /* Resources */,
				111EF715244C2957003E5D61 /* Embed Frameworks */,
			);
			buildRules = (
			);
			dependencies = (
			);
			name = Production;
			productName = Application;
			productReference = 111EF6D6244C21B6003E5D61 /* Production.app */;
			productType = "com.apple.product-type.application";
		};
		111EF6ED244C2234003E5D61 /* Develop */ = {
			isa = PBXNativeTarget;
			buildConfigurationList = 111EF6F6244C2234003E5D61 /* Build configuration list for PBXNativeTarget "Develop" */;
			buildPhases = (
				580307C97B9382181BF3DD2A /* [CP] Check Pods Manifest.lock */,
				111EF6EE244C2234003E5D61 /* Sources */,
				111EF6F1244C2234003E5D61 /* Frameworks */,
				111EF6F2244C2234003E5D61 /* Resources */,
				111EF719244C295D003E5D61 /* Embed Frameworks */,
			);
			buildRules = (
			);
			dependencies = (
			);
			name = Develop;
			productName = Application;
			productReference = 111EF6F9244C2234003E5D61 /* Develop.app */;
			productType = "com.apple.product-type.application";
		};
/* End PBXNativeTarget section */

/* Begin PBXProject section */
		111EF6CE244C21B6003E5D61 /* Project object */ = {
			isa = PBXProject;
			attributes = {
				LastSwiftUpdateCheck = 1140;
				LastUpgradeCheck = 1140;
				ORGANIZATIONNAME = "David Diego Gomez";
				TargetAttributes = {
					111EF6D5244C21B6003E5D61 = {
						CreatedOnToolsVersion = 11.4.1;
					};
				};
			};
			buildConfigurationList = 111EF6D1244C21B6003E5D61 /* Build configuration list for PBXProject "Application" */;
			compatibilityVersion = "Xcode 9.3";
			developmentRegion = en;
			hasScannedForEncodings = 0;
			knownRegions = (
				en,
				Base,
			);
			mainGroup = 111EF6CD244C21B6003E5D61;
			productRefGroup = 111EF6D7244C21B6003E5D61 /* Products */;
			projectDirPath = "";
			projectRoot = "";
			targets = (
				111EF6D5244C21B6003E5D61 /* Production */,
				111EF6ED244C2234003E5D61 /* Develop */,
			);
		};
/* End PBXProject section */

/* Begin PBXResourcesBuildPhase section */
		111EF6D4244C21B6003E5D61 /* Resources */ = {
			isa = PBXResourcesBuildPhase;
			buildActionMask = 2147483647;
			files = (
				111EF6E6244C21B7003E5D61 /* LaunchScreen.storyboard in Resources */,
				111EF6E3244C21B7003E5D61 /* Assets.xcassets in Resources */,
				111EF6E1244C21B6003E5D61 /* Main.storyboard in Resources */,
			);
			runOnlyForDeploymentPostprocessing = 0;
		};
		111EF6F2244C2234003E5D61 /* Resources */ = {
			isa = PBXResourcesBuildPhase;
			buildActionMask = 2147483647;
			files = (
				111EF6F3244C2234003E5D61 /* LaunchScreen.storyboard in Resources */,
				111EF6F4244C2234003E5D61 /* Assets.xcassets in Resources */,
				111EF6F5244C2234003E5D61 /* Main.storyboard in Resources */,
			);
			runOnlyForDeploymentPostprocessing = 0;
		};
/* End PBXResourcesBuildPhase section */

/* Begin PBXShellScriptBuildPhase section */
		580307C97B9382181BF3DD2A /* [CP] Check Pods Manifest.lock */ = {
			isa = PBXShellScriptBuildPhase;
			buildActionMask = 2147483647;
			files = (
			);
			inputFileListPaths = (
			);
			inputPaths = (
				"${PODS_PODFILE_DIR_PATH}/Podfile.lock",
				"${PODS_ROOT}/Manifest.lock",
			);
			name = "[CP] Check Pods Manifest.lock";
			outputFileListPaths = (
			);
			outputPaths = (
				"$(DERIVED_FILE_DIR)/Pods-Develop-checkManifestLockResult.txt",
			);
			runOnlyForDeploymentPostprocessing = 0;
			shellPath = /bin/sh;
			shellScript = "diff \"${PODS_PODFILE_DIR_PATH}/Podfile.lock\" \"${PODS_ROOT}/Manifest.lock\" > /dev/null\nif [ $? != 0 ] ; then\n    # print error to STDERR\n    echo \"error: The sandbox is not in sync with the Podfile.lock. Run 'pod install' or update your CocoaPods installation.\" >&2\n    exit 1\nfi\n# This output is used by Xcode 'outputs' to avoid re-running this script phase.\necho \"SUCCESS\" > \"${SCRIPT_OUTPUT_FILE_0}\"\n";
			showEnvVarsInLog = 0;
		};
		E7FF6C63CB89870375C8A755 /* [CP] Check Pods Manifest.lock */ = {
			isa = PBXShellScriptBuildPhase;
			buildActionMask = 2147483647;
			files = (
			);
			inputFileListPaths = (
			);
			inputPaths = (
				"${PODS_PODFILE_DIR_PATH}/Podfile.lock",
				"${PODS_ROOT}/Manifest.lock",
			);
			name = "[CP] Check Pods Manifest.lock";
			outputFileListPaths = (
			);
			outputPaths = (
				"$(DERIVED_FILE_DIR)/Pods-Production-checkManifestLockResult.txt",
			);
			runOnlyForDeploymentPostprocessing = 0;
			shellPath = /bin/sh;
			shellScript = "diff \"${PODS_PODFILE_DIR_PATH}/Podfile.lock\" \"${PODS_ROOT}/Manifest.lock\" > /dev/null\nif [ $? != 0 ] ; then\n    # print error to STDERR\n    echo \"error: The sandbox is not in sync with the Podfile.lock. Run 'pod install' or update your CocoaPods installation.\" >&2\n    exit 1\nfi\n# This output is used by Xcode 'outputs' to avoid re-running this script phase.\necho \"SUCCESS\" > \"${SCRIPT_OUTPUT_FILE_0}\"\n";
			showEnvVarsInLog = 0;
		};
/* End PBXShellScriptBuildPhase section */

/* Begin PBXSourcesBuildPhase section */
		111EF6D2244C21B6003E5D61 /* Sources */ = {
			isa = PBXSourcesBuildPhase;
			buildActionMask = 2147483647;
			files = (
				111EF72E244CC143003E5D61 /* LoginPasswordModel.swift in Sources */,
				111EF73D244CC3BA003E5D61 /* Paths.swift in Sources */,
				111EF730244CC143003E5D61 /* LoginPasswordView.swift in Sources */,
				111EF732244CC143003E5D61 /* LoginUserViewController.swift in Sources */,
				111EF749244CC5CA003E5D61 /* Router.swift in Sources */,
				111EF738244CC331003E5D61 /* FirebaseManager.swift in Sources */,
				111EF73B244CC35E003E5D61 /* FirebaseManagerExtension.swift in Sources */,
				111EF6DE244C21B6003E5D61 /* ViewController.swift in Sources */,
				111EF72C244CC143003E5D61 /* LoginPasswordViewModelContract.swift in Sources */,
				111EF72A244CC143003E5D61 /* LoginPasswordViewModel.swift in Sources */,
				111EF6DA244C21B6003E5D61 /* AppDelegate.swift in Sources */,
				111EF734244CC144003E5D61 /* LoginNavigationController.swift in Sources */,
			);
			runOnlyForDeploymentPostprocessing = 0;
		};
		111EF6EE244C2234003E5D61 /* Sources */ = {
			isa = PBXSourcesBuildPhase;
			buildActionMask = 2147483647;
			files = (
				111EF72F244CC143003E5D61 /* LoginPasswordModel.swift in Sources */,
				111EF731244CC143003E5D61 /* LoginPasswordView.swift in Sources */,
				111EF74A244CC5CE003E5D61 /* Router.swift in Sources */,
				111EF733244CC144003E5D61 /* LoginUserViewController.swift in Sources */,
				111EF739244CC337003E5D61 /* FirebaseManager.swift in Sources */,
				111EF6EF244C2234003E5D61 /* ViewController.swift in Sources */,
				111EF72D244CC143003E5D61 /* LoginPasswordViewModelContract.swift in Sources */,
				111EF72B244CC143003E5D61 /* LoginPasswordViewModel.swift in Sources */,
				111EF6F0244C2234003E5D61 /* AppDelegate.swift in Sources */,
				111EF735244CC144003E5D61 /* LoginNavigationController.swift in Sources */,
			);
			runOnlyForDeploymentPostprocessing = 0;
		};
/* End PBXSourcesBuildPhase section */

/* Begin PBXVariantGroup section */
		111EF6DF244C21B6003E5D61 /* Main.storyboard */ = {
			isa = PBXVariantGroup;
			children = (
				111EF6E0244C21B6003E5D61 /* Base */,
			);
			name = Main.storyboard;
			sourceTree = "<group>";
		};
		111EF6E4244C21B7003E5D61 /* LaunchScreen.storyboard */ = {
			isa = PBXVariantGroup;
			children = (
				111EF6E5244C21B7003E5D61 /* Base */,
			);
			name = LaunchScreen.storyboard;
			sourceTree = "<group>";
		};
/* End PBXVariantGroup section */

/* Begin XCBuildConfiguration section */
		111EF6E8244C21B7003E5D61 /* Debug */ = {
			isa = XCBuildConfiguration;
			buildSettings = {
				ALWAYS_SEARCH_USER_PATHS = NO;
				CLANG_ANALYZER_NONNULL = YES;
				CLANG_ANALYZER_NUMBER_OBJECT_CONVERSION = YES_AGGRESSIVE;
				CLANG_CXX_LANGUAGE_STANDARD = "gnu++14";
				CLANG_CXX_LIBRARY = "libc++";
				CLANG_ENABLE_MODULES = YES;
				CLANG_ENABLE_OBJC_ARC = YES;
				CLANG_ENABLE_OBJC_WEAK = YES;
				CLANG_WARN_BLOCK_CAPTURE_AUTORELEASING = YES;
				CLANG_WARN_BOOL_CONVERSION = YES;
				CLANG_WARN_COMMA = YES;
				CLANG_WARN_CONSTANT_CONVERSION = YES;
				CLANG_WARN_DEPRECATED_OBJC_IMPLEMENTATIONS = YES;
				CLANG_WARN_DIRECT_OBJC_ISA_USAGE = YES_ERROR;
				CLANG_WARN_DOCUMENTATION_COMMENTS = YES;
				CLANG_WARN_EMPTY_BODY = YES;
				CLANG_WARN_ENUM_CONVERSION = YES;
				CLANG_WARN_INFINITE_RECURSION = YES;
				CLANG_WARN_INT_CONVERSION = YES;
				CLANG_WARN_NON_LITERAL_NULL_CONVERSION = YES;
				CLANG_WARN_OBJC_IMPLICIT_RETAIN_SELF = YES;
				CLANG_WARN_OBJC_LITERAL_CONVERSION = YES;
				CLANG_WARN_OBJC_ROOT_CLASS = YES_ERROR;
				CLANG_WARN_RANGE_LOOP_ANALYSIS = YES;
				CLANG_WARN_STRICT_PROTOTYPES = YES;
				CLANG_WARN_SUSPICIOUS_MOVE = YES;
				CLANG_WARN_UNGUARDED_AVAILABILITY = YES_AGGRESSIVE;
				CLANG_WARN_UNREACHABLE_CODE = YES;
				CLANG_WARN__DUPLICATE_METHOD_MATCH = YES;
				COPY_PHASE_STRIP = NO;
				DEBUG_INFORMATION_FORMAT = dwarf;
				ENABLE_STRICT_OBJC_MSGSEND = YES;
				ENABLE_TESTABILITY = YES;
				GCC_C_LANGUAGE_STANDARD = gnu11;
				GCC_DYNAMIC_NO_PIC = NO;
				GCC_NO_COMMON_BLOCKS = YES;
				GCC_OPTIMIZATION_LEVEL = 0;
				GCC_PREPROCESSOR_DEFINITIONS = (
					"DEBUG=1",
					"$(inherited)",
				);
				GCC_WARN_64_TO_32_BIT_CONVERSION = YES;
				GCC_WARN_ABOUT_RETURN_TYPE = YES_ERROR;
				GCC_WARN_UNDECLARED_SELECTOR = YES;
				GCC_WARN_UNINITIALIZED_AUTOS = YES_AGGRESSIVE;
				GCC_WARN_UNUSED_FUNCTION = YES;
				GCC_WARN_UNUSED_VARIABLE = YES;
				IPHONEOS_DEPLOYMENT_TARGET = 13.4;
				MTL_ENABLE_DEBUG_INFO = INCLUDE_SOURCE;
				MTL_FAST_MATH = YES;
				ONLY_ACTIVE_ARCH = YES;
				SDKROOT = iphoneos;
				SWIFT_ACTIVE_COMPILATION_CONDITIONS = DEBUG;
				SWIFT_OPTIMIZATION_LEVEL = "-Onone";
			};
			name = Debug;
		};
		111EF6E9244C21B7003E5D61 /* Release */ = {
			isa = XCBuildConfiguration;
			buildSettings = {
				ALWAYS_SEARCH_USER_PATHS = NO;
				CLANG_ANALYZER_NONNULL = YES;
				CLANG_ANALYZER_NUMBER_OBJECT_CONVERSION = YES_AGGRESSIVE;
				CLANG_CXX_LANGUAGE_STANDARD = "gnu++14";
				CLANG_CXX_LIBRARY = "libc++";
				CLANG_ENABLE_MODULES = YES;
				CLANG_ENABLE_OBJC_ARC = YES;
				CLANG_ENABLE_OBJC_WEAK = YES;
				CLANG_WARN_BLOCK_CAPTURE_AUTORELEASING = YES;
				CLANG_WARN_BOOL_CONVERSION = YES;
				CLANG_WARN_COMMA = YES;
				CLANG_WARN_CONSTANT_CONVERSION = YES;
				CLANG_WARN_DEPRECATED_OBJC_IMPLEMENTATIONS = YES;
				CLANG_WARN_DIRECT_OBJC_ISA_USAGE = YES_ERROR;
				CLANG_WARN_DOCUMENTATION_COMMENTS = YES;
				CLANG_WARN_EMPTY_BODY = YES;
				CLANG_WARN_ENUM_CONVERSION = YES;
				CLANG_WARN_INFINITE_RECURSION = YES;
				CLANG_WARN_INT_CONVERSION = YES;
				CLANG_WARN_NON_LITERAL_NULL_CONVERSION = YES;
				CLANG_WARN_OBJC_IMPLICIT_RETAIN_SELF = YES;
				CLANG_WARN_OBJC_LITERAL_CONVERSION = YES;
				CLANG_WARN_OBJC_ROOT_CLASS = YES_ERROR;
				CLANG_WARN_RANGE_LOOP_ANALYSIS = YES;
				CLANG_WARN_STRICT_PROTOTYPES = YES;
				CLANG_WARN_SUSPICIOUS_MOVE = YES;
				CLANG_WARN_UNGUARDED_AVAILABILITY = YES_AGGRESSIVE;
				CLANG_WARN_UNREACHABLE_CODE = YES;
				CLANG_WARN__DUPLICATE_METHOD_MATCH = YES;
				COPY_PHASE_STRIP = NO;
				DEBUG_INFORMATION_FORMAT = "dwarf-with-dsym";
				ENABLE_NS_ASSERTIONS = NO;
				ENABLE_STRICT_OBJC_MSGSEND = YES;
				GCC_C_LANGUAGE_STANDARD = gnu11;
				GCC_NO_COMMON_BLOCKS = YES;
				GCC_WARN_64_TO_32_BIT_CONVERSION = YES;
				GCC_WARN_ABOUT_RETURN_TYPE = YES_ERROR;
				GCC_WARN_UNDECLARED_SELECTOR = YES;
				GCC_WARN_UNINITIALIZED_AUTOS = YES_AGGRESSIVE;
				GCC_WARN_UNUSED_FUNCTION = YES;
				GCC_WARN_UNUSED_VARIABLE = YES;
				IPHONEOS_DEPLOYMENT_TARGET = 13.4;
				MTL_ENABLE_DEBUG_INFO = NO;
				MTL_FAST_MATH = YES;
				SDKROOT = iphoneos;
				SWIFT_COMPILATION_MODE = wholemodule;
				SWIFT_OPTIMIZATION_LEVEL = "-O";
				VALIDATE_PRODUCT = YES;
			};
			name = Release;
		};
		111EF6EB244C21B7003E5D61 /* Debug */ = {
			isa = XCBuildConfiguration;
			baseConfigurationReference = 7D01D8585FC500D846BE03A2 /* Pods-Production.debug.xcconfig */;
			buildSettings = {
				ASSETCATALOG_COMPILER_APPICON_NAME = AppIcon;
				CODE_SIGN_STYLE = Automatic;
				DEVELOPMENT_TEAM = S2BEC8V882;
				INFOPLIST_FILE = Application/Info.plist;
				LD_RUNPATH_SEARCH_PATHS = (
					"$(inherited)",
					"@executable_path/Frameworks",
				);
				PRODUCT_BUNDLE_IDENTIFIER = DDG.Application;
				PRODUCT_NAME = "$(TARGET_NAME)";
				SWIFT_VERSION = 5.0;
				TARGETED_DEVICE_FAMILY = "1,2";
			};
			name = Debug;
		};
		111EF6EC244C21B7003E5D61 /* Release */ = {
			isa = XCBuildConfiguration;
			baseConfigurationReference = ABE63BBF73026206984CBDEF /* Pods-Production.release.xcconfig */;
			buildSettings = {
				ASSETCATALOG_COMPILER_APPICON_NAME = AppIcon;
				CODE_SIGN_STYLE = Automatic;
				DEVELOPMENT_TEAM = S2BEC8V882;
				INFOPLIST_FILE = Application/Info.plist;
				LD_RUNPATH_SEARCH_PATHS = (
					"$(inherited)",
					"@executable_path/Frameworks",
				);
				PRODUCT_BUNDLE_IDENTIFIER = DDG.Application;
				PRODUCT_NAME = "$(TARGET_NAME)";
				SWIFT_ACTIVE_COMPILATION_CONDITIONS = PRODUCTION;
				SWIFT_VERSION = 5.0;
				TARGETED_DEVICE_FAMILY = "1,2";
			};
			name = Release;
		};
		111EF6F7244C2234003E5D61 /* Debug */ = {
			isa = XCBuildConfiguration;
			baseConfigurationReference = 9C15498F126599D16DBC9F20 /* Pods-Develop.debug.xcconfig */;
			buildSettings = {
				ASSETCATALOG_COMPILER_APPICON_NAME = AppIcon;
				CODE_SIGN_STYLE = Automatic;
				DEVELOPMENT_TEAM = S2BEC8V882;
				INFOPLIST_FILE = Application/infoDevelop.plist;
				LD_RUNPATH_SEARCH_PATHS = (
					"$(inherited)",
					"@executable_path/Frameworks",
				);
				PRODUCT_BUNDLE_IDENTIFIER = DDG.Application;
				PRODUCT_NAME = "$(TARGET_NAME)";
				SWIFT_ACTIVE_COMPILATION_CONDITIONS = DEVELOP;
				SWIFT_VERSION = 5.0;
				TARGETED_DEVICE_FAMILY = "1,2";
			};
			name = Debug;
		};
		111EF6F8244C2234003E5D61 /* Release */ = {
			isa = XCBuildConfiguration;
			baseConfigurationReference = DED79290FA2A926BD7897C0A /* Pods-Develop.release.xcconfig */;
			buildSettings = {
				ASSETCATALOG_COMPILER_APPICON_NAME = AppIcon;
				CODE_SIGN_STYLE = Automatic;
				DEVELOPMENT_TEAM = S2BEC8V882;
				INFOPLIST_FILE = Application/infoDevelop.plist;
				LD_RUNPATH_SEARCH_PATHS = (
					"$(inherited)",
					"@executable_path/Frameworks",
				);
				PRODUCT_BUNDLE_IDENTIFIER = DDG.Application;
				PRODUCT_NAME = "$(TARGET_NAME)";
				SWIFT_ACTIVE_COMPILATION_CONDITIONS = "";
				SWIFT_VERSION = 5.0;
				TARGETED_DEVICE_FAMILY = "1,2";
			};
			name = Release;
		};
/* End XCBuildConfiguration section */

/* Begin XCConfigurationList section */
		111EF6D1244C21B6003E5D61 /* Build configuration list for PBXProject "Application" */ = {
			isa = XCConfigurationList;
			buildConfigurations = (
				111EF6E8244C21B7003E5D61 /* Debug */,
				111EF6E9244C21B7003E5D61 /* Release */,
			);
			defaultConfigurationIsVisible = 0;
			defaultConfigurationName = Release;
		};
		111EF6EA244C21B7003E5D61 /* Build configuration list for PBXNativeTarget "Production" */ = {
			isa = XCConfigurationList;
			buildConfigurations = (
				111EF6EB244C21B7003E5D61 /* Debug */,
				111EF6EC244C21B7003E5D61 /* Release */,
			);
			defaultConfigurationIsVisible = 0;
			defaultConfigurationName = Release;
		};
		111EF6F6244C2234003E5D61 /* Build configuration list for PBXNativeTarget "Develop" */ = {
			isa = XCConfigurationList;
			buildConfigurations = (
				111EF6F7244C2234003E5D61 /* Debug */,
				111EF6F8244C2234003E5D61 /* Release */,
			);
			defaultConfigurationIsVisible = 0;
			defaultConfigurationName = Release;
		};
/* End XCConfigurationList section */
	};
	rootObject = 111EF6CE244C21B6003E5D61 /* Project object */;
}
